
Microsoft Visual Studio Solution File, Format Version 12.00
# Visual Studio 2012
Project("{FAE04EC0-301F-11D3-BF4B-00C04F79EFBC}") = "EasyAuth", "EasyAuth\EasyAuth.csproj", "{E254E820-D878-4CF8-A77B-0180299A339F}"
EndProject
Project("{FAE04EC0-301F-11D3-BF4B-00C04F79EFBC}") = "EasyAuth.Tests", "EasyAuth.Tests\EasyAuth.Tests.csproj", "{80459724-0F6E-44BE-80EE-ED8FCD6A79F8}"
EndProject
Project("{FAE04EC0-301F-11D3-BF4B-00C04F79EFBC}") = "EasyAuth.WebApp", "EasyAuth.WebApp\EasyAuth.WebApp.csproj", "{F8C84DF8-3006-46B3-8F25-C29C4E0A0B3A}"
EndProject
Project("{FAE04EC0-301F-11D3-BF4B-00C04F79EFBC}") = "EasyAuth.Console", "EasyAuth.Console\EasyAuth.Console.csproj", "{28738EA7-C0EB-467E-ACC5-0B69C2B9CF00}"
EndProject
Global
	GlobalSection(SolutionConfigurationPlatforms) = preSolution
		Debug|Any CPU = Debug|Any CPU
		Release|Any CPU = Release|Any CPU
	EndGlobalSection
	GlobalSection(ProjectConfigurationPlatforms) = postSolution
		{E254E820-D878-4CF8-A77B-0180299A339F}.Debug|Any CPU.ActiveCfg = Debug|Any CPU
		{E254E820-D878-4CF8-A77B-0180299A339F}.Debug|Any CPU.Build.0 = Debug|Any CPU
		{E254E820-D878-4CF8-A77B-0180299A339F}.Release|Any CPU.ActiveCfg = Release|Any CPU
		{E254E820-D878-4CF8-A77B-0180299A339F}.Release|Any CPU.Build.0 = Release|Any CPU
		{80459724-0F6E-44BE-80EE-ED8FCD6A79F8}.Debug|Any CPU.ActiveCfg = Debug|Any CPU
		{80459724-0F6E-44BE-80EE-ED8FCD6A79F8}.Debug|Any CPU.Build.0 = Debug|Any CPU
		{80459724-0F6E-44BE-80EE-ED8FCD6A79F8}.Release|Any CPU.ActiveCfg = Release|Any CPU
		{80459724-0F6E-44BE-80EE-ED8FCD6A79F8}.Release|Any CPU.Build.0 = Release|Any CPU
		{F8C84DF8-3006-46B3-8F25-C29C4E0A0B3A}.Debug|Any CPU.ActiveCfg = Debug|Any CPU
		{F8C84DF8-3006-46B3-8F25-C29C4E0A0B3A}.Debug|Any CPU.Build.0 = Debug|Any CPU
		{F8C84DF8-3006-46B3-8F25-C29C4E0A0B3A}.Release|Any CPU.ActiveCfg = Release|Any CPU
		{F8C84DF8-3006-46B3-8F25-C29C4E0A0B3A}.Release|Any CPU.Build.0 = Release|Any CPU
		{28738EA7-C0EB-467E-ACC5-0B69C2B9CF00}.Debug|Any CPU.ActiveCfg = Debug|Any CPU
		{28738EA7-C0EB-467E-ACC5-0B69C2B9CF00}.Debug|Any CPU.Build.0 = Debug|Any CPU
		{28738EA7-C0EB-467E-ACC5-0B69C2B9CF00}.Release|Any CPU.ActiveCfg = Release|Any CPU
		{28738EA7-C0EB-467E-ACC5-0B69C2B9CF00}.Release|Any CPU.Build.0 = Release|Any CPU
	EndGlobalSection
	GlobalSection(SolutionProperties) = preSolution
		HideSolutionNode = FALSE
	EndGlobalSection
EndGlobal
